{
    "name": "posthog-snowflake-import-plugin",
    "version": "0.0.1-beta",
    "lockfileVersion": 2,
    "requires": true,
    "packages": {
        "": {
            "name": "posthog-snowflake-import-plugin",
            "version": "0.0.1-beta",
            "dependencies": {
                "date-fns": "^2.26.0",
                "flat": "^5.0.2",
                "generic-pool": "^3.8.2"
            },
            "devDependencies": {
                "@posthog/plugin-contrib": "^0.0.3",
                "@posthog/plugin-scaffold": "0.12.5",
                "@types/flat": "^5.0.2",
                "@types/snowflake-sdk": "^1.5.1"
            }
        },
        "node_modules/@posthog/plugin-contrib": {
            "version": "0.0.3",
            "resolved": "https://registry.npmjs.org/@posthog/plugin-contrib/-/plugin-contrib-0.0.3.tgz",
            "integrity": "sha512-0HrE8AuPv3OLZA93RrJDbljn9u5D/wmiIkBCeckU3LL67LNozDIJgKsY4Td91zgc+b4Rlx/X0MJNp2l6BHbQqg==",
            "dev": true
        },
        "node_modules/@posthog/plugin-scaffold": {
            "version": "0.12.5",
            "resolved": "https://registry.npmjs.org/@posthog/plugin-scaffold/-/plugin-scaffold-0.12.5.tgz",
            "integrity": "sha512-EuRoYM17vYI1m2SmXpYe7LC9hFPWsRnN6rAi6q3unFIW26pT40sV/TYSWnBEihZXIWdVShwiGXORQMHjpnJOig==",
            "dev": true
        },
        "node_modules/@types/flat": {
            "version": "5.0.2",
            "resolved": "https://registry.npmjs.org/@types/flat/-/flat-5.0.2.tgz",
            "integrity": "sha512-3zsplnP2djeps5P9OyarTxwRpMLoe5Ash8aL9iprw0JxB+FAHjY+ifn4yZUuW4/9hqtnmor6uvjSRzJhiVbrEQ==",
            "dev": true
        },
        "node_modules/@types/node": {
            "version": "16.6.1",
            "resolved": "https://registry.npmjs.org/@types/node/-/node-16.6.1.tgz",
            "integrity": "sha512-Sr7BhXEAer9xyGuCN3Ek9eg9xPviCF2gfu9kTfuU2HkTVAMYSDeX40fvpmo72n5nansg3nsBjuQBrsS28r+NUw==",
            "dev": true
        },
        "node_modules/@types/snowflake-sdk": {
            "version": "1.6.1",
            "resolved": "https://registry.npmjs.org/@types/snowflake-sdk/-/snowflake-sdk-1.6.1.tgz",
            "integrity": "sha512-eftM0eWFiphyrbQFLNOacx7CjYGlwEQXDQxixhn8m/hi0DSdPmlSEv272OInVFLnju80ZVE6JOnNfiX8gyHS1Q==",
            "dev": true,
            "dependencies": {
                "@types/node": "*"
            }
        },
        "node_modules/date-fns": {
            "version": "2.26.0",
            "resolved": "https://registry.npmjs.org/date-fns/-/date-fns-2.26.0.tgz",
            "integrity": "sha512-VQI812dRi3cusdY/fhoBKvc6l2W8BPWU1FNVnFH9Nttjx4AFBRzfSVb/Eyc7jBT6e9sg1XtAGsYpBQ6c/jygbg==",
            "engines": {
                "node": ">=0.11"
            },
            "funding": {
                "type": "opencollective",
                "url": "https://opencollective.com/date-fns"
            }
        },
        "node_modules/flat": {
            "version": "5.0.2",
            "resolved": "https://registry.npmjs.org/flat/-/flat-5.0.2.tgz",
            "integrity": "sha512-b6suED+5/3rTpUBdG1gupIl8MPFCAMA0QXwmljLhvCUKcUvdE4gWky9zpuGCcXHOsz4J9wPGNWq6OKpmIzz3hQ==",
            "bin": {
                "flat": "cli.js"
            }
        },
        "node_modules/generic-pool": {
            "version": "3.8.2",
            "resolved": "https://registry.npmjs.org/generic-pool/-/generic-pool-3.8.2.tgz",
            "integrity": "sha512-nGToKy6p3PAbYQ7p1UlWl6vSPwfwU6TMSWK7TTu+WUY4ZjyZQGniGGt2oNVvyNSpyZYSB43zMXVLcBm08MTMkg==",
            "engines": {
                "node": ">= 4"
            }
        }
    },
    "dependencies": {
        "@posthog/plugin-contrib": {
            "version": "0.0.3",
            "resolved": "https://registry.npmjs.org/@posthog/plugin-contrib/-/plugin-contrib-0.0.3.tgz",
            "integrity": "sha512-0HrE8AuPv3OLZA93RrJDbljn9u5D/wmiIkBCeckU3LL67LNozDIJgKsY4Td91zgc+b4Rlx/X0MJNp2l6BHbQqg==",
            "dev": true
        },
        "@posthog/plugin-scaffold": {
            "version": "0.12.5",
            "resolved": "https://registry.npmjs.org/@posthog/plugin-scaffold/-/plugin-scaffold-0.12.5.tgz",
            "integrity": "sha512-EuRoYM17vYI1m2SmXpYe7LC9hFPWsRnN6rAi6q3unFIW26pT40sV/TYSWnBEihZXIWdVShwiGXORQMHjpnJOig==",
            "dev": true
        },
        "@types/flat": {
            "version": "5.0.2",
            "resolved": "https://registry.npmjs.org/@types/flat/-/flat-5.0.2.tgz",
            "integrity": "sha512-3zsplnP2djeps5P9OyarTxwRpMLoe5Ash8aL9iprw0JxB+FAHjY+ifn4yZUuW4/9hqtnmor6uvjSRzJhiVbrEQ==",
            "dev": true
        },
        "@types/node": {
            "version": "16.6.1",
            "resolved": "https://registry.npmjs.org/@types/node/-/node-16.6.1.tgz",
            "integrity": "sha512-Sr7BhXEAer9xyGuCN3Ek9eg9xPviCF2gfu9kTfuU2HkTVAMYSDeX40fvpmo72n5nansg3nsBjuQBrsS28r+NUw==",
            "dev": true
        },
        "@types/snowflake-sdk": {
            "version": "1.6.1",
            "resolved": "https://registry.npmjs.org/@types/snowflake-sdk/-/snowflake-sdk-1.6.1.tgz",
            "integrity": "sha512-eftM0eWFiphyrbQFLNOacx7CjYGlwEQXDQxixhn8m/hi0DSdPmlSEv272OInVFLnju80ZVE6JOnNfiX8gyHS1Q==",
            "dev": true,
            "requires": {
                "@types/node": "*"
            }
        },
        "date-fns": {
            "version": "2.26.0",
            "resolved": "https://registry.npmjs.org/date-fns/-/date-fns-2.26.0.tgz",
            "integrity": "sha512-VQI812dRi3cusdY/fhoBKvc6l2W8BPWU1FNVnFH9Nttjx4AFBRzfSVb/Eyc7jBT6e9sg1XtAGsYpBQ6c/jygbg=="
        },
        "flat": {
            "version": "5.0.2",
            "resolved": "https://registry.npmjs.org/flat/-/flat-5.0.2.tgz",
            "integrity": "sha512-b6suED+5/3rTpUBdG1gupIl8MPFCAMA0QXwmljLhvCUKcUvdE4gWky9zpuGCcXHOsz4J9wPGNWq6OKpmIzz3hQ=="
        },
        "generic-pool": {
            "version": "3.8.2",
            "resolved": "https://registry.npmjs.org/generic-pool/-/generic-pool-3.8.2.tgz",
            "integrity": "sha512-nGToKy6p3PAbYQ7p1UlWl6vSPwfwU6TMSWK7TTu+WUY4ZjyZQGniGGt2oNVvyNSpyZYSB43zMXVLcBm08MTMkg=="
        }
    }
}
